{
	"name": "interceptor-extension",
	"lockfileVersion": 2,
	"requires": true,
	"packages": {
		"": {
			"name": "interceptor-extension",
			"dependencies": {
				"@darkflorist/address-metadata": "0.2.0",
				"@noble/curves": "0.8.0",
				"@noble/hashes": "1.2.0",
				"ethers": "6.1.0",
				"funtypes": "5.0.3",
				"preact": "10.8.1",
				"webextension-polyfill": "0.10.0"
			},
			"devDependencies": {
				"@types/firefox-webext-browser": "109.0.0",
				"typescript": "4.9.3"
			}
		},
		"node_modules/@adraffy/ens-normalize": {
			"version": "1.8.9",
			"resolved": "https://registry.npmjs.org/@adraffy/ens-normalize/-/ens-normalize-1.8.9.tgz",
			"integrity": "sha512-93OmGCV0vO8+JQ3FHG+gZk/MPHzzMPDRiCiFcCQNTCnHaaxsacO3ScTPGlu2wX2dOtgfalbchPcw1cOYYjHCYQ=="
		},
		"node_modules/@darkflorist/address-metadata": {
			"version": "0.2.0",
			"resolved": "https://registry.npmjs.org/@darkflorist/address-metadata/-/address-metadata-0.2.0.tgz",
			"integrity": "sha512-KFh4YWt6+yHzJRlVGHcx/amlp4s+SfuQvmAQEuzu2jiwvSoEEUGv6UdWoFgMHuO0t2atvdQCYw2etsdEwqTmig=="
		},
		"node_modules/@noble/curves": {
			"version": "0.8.0",
			"resolved": "https://registry.npmjs.org/@noble/curves/-/curves-0.8.0.tgz",
			"integrity": "sha512-eQmQMfaj1skow6nwUL7eTDE2gSh2D2vMNjBJ5DlMh1XZmpnosinpMg4h6YGvPonbEz0e9JE/Do/hkir16/FIng==",
			"funding": [
				{
					"type": "individual",
					"url": "https://paulmillr.com/funding/"
				}
			],
			"dependencies": {
				"@noble/hashes": "1.2.0"
			}
		},
		"node_modules/@noble/hashes": {
			"version": "1.2.0",
			"resolved": "https://registry.npmjs.org/@noble/hashes/-/hashes-1.2.0.tgz",
			"integrity": "sha512-FZfhjEDbT5GRswV3C6uvLPHMiVD6lQBmpoX5+eSiPaMTXte/IKqI5dykDxzZB/WBeK/CDuQRBWarPdi3FNY2zQ==",
			"funding": [
				{
					"type": "individual",
					"url": "https://paulmillr.com/funding/"
				}
			]
		},
		"node_modules/@noble/secp256k1": {
			"version": "1.7.1",
			"resolved": "https://registry.npmjs.org/@noble/secp256k1/-/secp256k1-1.7.1.tgz",
			"integrity": "sha512-hOUk6AyBFmqVrv7k5WAw/LpszxVbj9gGN4JRkIX52fdFAj1UA61KXmZDvqVEm+pOyec3+fIeZB02LYa/pWOArw==",
			"funding": [
				{
					"type": "individual",
					"url": "https://paulmillr.com/funding/"
				}
			]
		},
		"node_modules/@types/firefox-webext-browser": {
			"version": "109.0.0",
			"resolved": "https://registry.npmjs.org/@types/firefox-webext-browser/-/firefox-webext-browser-109.0.0.tgz",
			"integrity": "sha512-tkEjBP/zZxaS5bv8MH/0kUs3WeUm8KU3Ew1B9BtQQdq5PwtG23SXvAbjxjMSQpoIzbxyWG4Yu4mi1uB2S8W7ng==",
			"dev": true
		},
		"node_modules/aes-js": {
			"version": "4.0.0-beta.3",
			"resolved": "https://registry.npmjs.org/aes-js/-/aes-js-4.0.0-beta.3.tgz",
			"integrity": "sha512-/xJX0/VTPcbc5xQE2VUP91y1xN8q/rDfhEzLm+vLc3hYvb5+qHCnpJRuFcrKn63zumK/sCwYYzhG8HP78JYSTA=="
		},
		"node_modules/ethers": {
			"version": "6.1.0",
			"resolved": "https://registry.npmjs.org/ethers/-/ethers-6.1.0.tgz",
			"integrity": "sha512-aC45YGbvgXt7Nses5WsdQwc1cUIrrQt32zeFShNW7ZT3RQCIHBnd4nmbE5sJmrp70uTdwkRHkr4cZr1D/YwFPg==",
			"funding": [
				{
					"type": "individual",
					"url": "https://github.com/sponsors/ethers-io/"
				},
				{
					"type": "individual",
					"url": "https://www.buymeacoffee.com/ricmoo"
				}
			],
			"dependencies": {
				"@adraffy/ens-normalize": "1.8.9",
				"@noble/hashes": "1.1.2",
				"@noble/secp256k1": "1.7.1",
				"aes-js": "4.0.0-beta.3",
				"tslib": "2.4.0",
				"ws": "8.5.0"
			},
			"engines": {
				"node": ">=14.0.0"
			}
		},
		"node_modules/ethers/node_modules/@noble/hashes": {
			"version": "1.1.2",
			"resolved": "https://registry.npmjs.org/@noble/hashes/-/hashes-1.1.2.tgz",
			"integrity": "sha512-KYRCASVTv6aeUi1tsF8/vpyR7zpfs3FUzy2Jqm+MU+LmUKhQ0y2FpfwqkCcxSg2ua4GALJd8k2R76WxwZGbQpA==",
			"funding": [
				{
					"type": "individual",
					"url": "https://paulmillr.com/funding/"
				}
			]
		},
		"node_modules/funtypes": {
			"version": "5.0.3",
			"resolved": "https://registry.npmjs.org/funtypes/-/funtypes-5.0.3.tgz",
			"integrity": "sha512-8BYH+AEBVvYKL6tRDyD9W8MYi8uvaZ9QrqepPP8hu8IfOzsrVyf08MYKWGc2h8fCDrOVqBhoeOykT8xfHSu55Q=="
		},
		"node_modules/preact": {
			"version": "10.8.1",
			"resolved": "https://registry.npmjs.org/preact/-/preact-10.8.1.tgz",
			"integrity": "sha512-p5CKQ0MCEXTGKGOHiFaNE2V2nDq2hvDHykXvIlz+4lbfJ9umLZr8JS/fa1bXUwRcHXK+Ljk8zqmDhr25n0LtVg==",
			"funding": {
				"type": "opencollective",
				"url": "https://opencollective.com/preact"
			}
		},
		"node_modules/tslib": {
			"version": "2.4.0",
			"resolved": "https://registry.npmjs.org/tslib/-/tslib-2.4.0.tgz",
			"integrity": "sha512-d6xOpEDfsi2CZVlPQzGeux8XMwLT9hssAsaPYExaQMuYskwb+x1x7J371tWlbBdWHroy99KnVB6qIkUbs5X3UQ=="
		},
		"node_modules/typescript": {
			"version": "4.9.3",
			"resolved": "https://registry.npmjs.org/typescript/-/typescript-4.9.3.tgz",
			"integrity": "sha512-CIfGzTelbKNEnLpLdGFgdyKhG23CKdKgQPOBc+OUNrkJ2vr+KSzsSV5kq5iWhEQbok+quxgGzrAtGWCyU7tHnA==",
			"dev": true,
			"bin": {
				"tsc": "bin/tsc",
				"tsserver": "bin/tsserver"
			},
			"engines": {
				"node": ">=4.2.0"
			}
		},
		"node_modules/webextension-polyfill": {
			"version": "0.10.0",
			"resolved": "https://registry.npmjs.org/webextension-polyfill/-/webextension-polyfill-0.10.0.tgz",
			"integrity": "sha512-c5s35LgVa5tFaHhrZDnr3FpQpjj1BB+RXhLTYUxGqBVN460HkbM8TBtEqdXWbpTKfzwCcjAZVF7zXCYSKtcp9g=="
		},
		"node_modules/ws": {
			"version": "8.5.0",
			"resolved": "https://registry.npmjs.org/ws/-/ws-8.5.0.tgz",
			"integrity": "sha512-BWX0SWVgLPzYwF8lTzEy1egjhS4S4OEAHfsO8o65WOVsrnSRGaSiUaa9e0ggGlkMTtBlmOpEXiie9RUcBO86qg==",
			"engines": {
				"node": ">=10.0.0"
			},
			"peerDependencies": {
				"bufferutil": "^4.0.1",
				"utf-8-validate": "^5.0.2"
			},
			"peerDependenciesMeta": {
				"bufferutil": {
					"optional": true
				},
				"utf-8-validate": {
					"optional": true
				}
			}
		}
	},
	"dependencies": {
		"@adraffy/ens-normalize": {
			"version": "1.8.9",
			"resolved": "https://registry.npmjs.org/@adraffy/ens-normalize/-/ens-normalize-1.8.9.tgz",
			"integrity": "sha512-93OmGCV0vO8+JQ3FHG+gZk/MPHzzMPDRiCiFcCQNTCnHaaxsacO3ScTPGlu2wX2dOtgfalbchPcw1cOYYjHCYQ=="
		},
		"@darkflorist/address-metadata": {
			"version": "0.2.0",
			"resolved": "https://registry.npmjs.org/@darkflorist/address-metadata/-/address-metadata-0.2.0.tgz",
			"integrity": "sha512-KFh4YWt6+yHzJRlVGHcx/amlp4s+SfuQvmAQEuzu2jiwvSoEEUGv6UdWoFgMHuO0t2atvdQCYw2etsdEwqTmig=="
		},
		"@noble/curves": {
			"version": "0.8.0",
			"resolved": "https://registry.npmjs.org/@noble/curves/-/curves-0.8.0.tgz",
			"integrity": "sha512-eQmQMfaj1skow6nwUL7eTDE2gSh2D2vMNjBJ5DlMh1XZmpnosinpMg4h6YGvPonbEz0e9JE/Do/hkir16/FIng==",
			"requires": {
				"@noble/hashes": "1.2.0"
			}
		},
		"@noble/hashes": {
			"version": "1.2.0",
			"resolved": "https://registry.npmjs.org/@noble/hashes/-/hashes-1.2.0.tgz",
			"integrity": "sha512-FZfhjEDbT5GRswV3C6uvLPHMiVD6lQBmpoX5+eSiPaMTXte/IKqI5dykDxzZB/WBeK/CDuQRBWarPdi3FNY2zQ=="
		},
		"@noble/secp256k1": {
			"version": "1.7.1",
			"resolved": "https://registry.npmjs.org/@noble/secp256k1/-/secp256k1-1.7.1.tgz",
			"integrity": "sha512-hOUk6AyBFmqVrv7k5WAw/LpszxVbj9gGN4JRkIX52fdFAj1UA61KXmZDvqVEm+pOyec3+fIeZB02LYa/pWOArw=="
		},
		"@types/firefox-webext-browser": {
			"version": "109.0.0",
			"resolved": "https://registry.npmjs.org/@types/firefox-webext-browser/-/firefox-webext-browser-109.0.0.tgz",
			"integrity": "sha512-tkEjBP/zZxaS5bv8MH/0kUs3WeUm8KU3Ew1B9BtQQdq5PwtG23SXvAbjxjMSQpoIzbxyWG4Yu4mi1uB2S8W7ng==",
			"dev": true
		},
		"aes-js": {
			"version": "4.0.0-beta.3",
			"resolved": "https://registry.npmjs.org/aes-js/-/aes-js-4.0.0-beta.3.tgz",
			"integrity": "sha512-/xJX0/VTPcbc5xQE2VUP91y1xN8q/rDfhEzLm+vLc3hYvb5+qHCnpJRuFcrKn63zumK/sCwYYzhG8HP78JYSTA=="
		},
		"ethers": {
			"version": "6.1.0",
			"resolved": "https://registry.npmjs.org/ethers/-/ethers-6.1.0.tgz",
			"integrity": "sha512-aC45YGbvgXt7Nses5WsdQwc1cUIrrQt32zeFShNW7ZT3RQCIHBnd4nmbE5sJmrp70uTdwkRHkr4cZr1D/YwFPg==",
			"requires": {
				"@adraffy/ens-normalize": "1.8.9",
				"@noble/hashes": "1.1.2",
				"@noble/secp256k1": "1.7.1",
				"aes-js": "4.0.0-beta.3",
				"tslib": "2.4.0",
				"ws": "8.5.0"
			},
			"dependencies": {
				"@noble/hashes": {
					"version": "1.1.2",
					"resolved": "https://registry.npmjs.org/@noble/hashes/-/hashes-1.1.2.tgz",
					"integrity": "sha512-KYRCASVTv6aeUi1tsF8/vpyR7zpfs3FUzy2Jqm+MU+LmUKhQ0y2FpfwqkCcxSg2ua4GALJd8k2R76WxwZGbQpA=="
				}
			}
		},
		"funtypes": {
			"version": "5.0.3",
			"resolved": "https://registry.npmjs.org/funtypes/-/funtypes-5.0.3.tgz",
			"integrity": "sha512-8BYH+AEBVvYKL6tRDyD9W8MYi8uvaZ9QrqepPP8hu8IfOzsrVyf08MYKWGc2h8fCDrOVqBhoeOykT8xfHSu55Q=="
		},
		"preact": {
			"version": "10.8.1",
			"resolved": "https://registry.npmjs.org/preact/-/preact-10.8.1.tgz",
			"integrity": "sha512-p5CKQ0MCEXTGKGOHiFaNE2V2nDq2hvDHykXvIlz+4lbfJ9umLZr8JS/fa1bXUwRcHXK+Ljk8zqmDhr25n0LtVg=="
		},
		"tslib": {
			"version": "2.4.0",
			"resolved": "https://registry.npmjs.org/tslib/-/tslib-2.4.0.tgz",
			"integrity": "sha512-d6xOpEDfsi2CZVlPQzGeux8XMwLT9hssAsaPYExaQMuYskwb+x1x7J371tWlbBdWHroy99KnVB6qIkUbs5X3UQ=="
		},
		"typescript": {
			"version": "4.9.3",
			"resolved": "https://registry.npmjs.org/typescript/-/typescript-4.9.3.tgz",
			"integrity": "sha512-CIfGzTelbKNEnLpLdGFgdyKhG23CKdKgQPOBc+OUNrkJ2vr+KSzsSV5kq5iWhEQbok+quxgGzrAtGWCyU7tHnA==",
			"dev": true
		},
		"webextension-polyfill": {
			"version": "0.10.0",
			"resolved": "https://registry.npmjs.org/webextension-polyfill/-/webextension-polyfill-0.10.0.tgz",
			"integrity": "sha512-c5s35LgVa5tFaHhrZDnr3FpQpjj1BB+RXhLTYUxGqBVN460HkbM8TBtEqdXWbpTKfzwCcjAZVF7zXCYSKtcp9g=="
		},
		"ws": {
			"version": "8.5.0",
			"resolved": "https://registry.npmjs.org/ws/-/ws-8.5.0.tgz",
			"integrity": "sha512-BWX0SWVgLPzYwF8lTzEy1egjhS4S4OEAHfsO8o65WOVsrnSRGaSiUaa9e0ggGlkMTtBlmOpEXiie9RUcBO86qg==",
			"requires": {}
		}
	}
}
