{
  "lockfileVersion": 1,
  "configVersion": 0,
  "workspaces": {
    "": {
      "name": "interceptor-extension",
      "dependencies": {
        "@darkflorist/address-metadata": "0.10.0",
        "@noble/curves": "1.9.1",
        "@noble/hashes": "1.8.0",
        "@preact/signals": "1.1.3",
        "funtypes": "5.1.0",
        "micro-eth-signer": "0.19.0",
        "preact": "10.24.2",
        "webextension-polyfill": "0.10.0",
      },
      "devDependencies": {
        "@safe-global/safe-apps-sdk": "9.1.0",
        "@types/firefox-webext-browser": "120.0.3",
        "@wagmi/connectors": "8.2.0",
        "@web3-onboard/gnosis": "2.3.2",
        "solc": "0.8.18",
        "typescript": "5.9.3",
      },
    },
  },
  "packages": {
    "@adraffy/ens-normalize": ["@adraffy/ens-normalize@1.11.1", "", {}, "sha512-nhCBV3quEgesuf7c7KYfperqSS14T8bYuvJ8PcLJp6znkZpFc0AuW4qBtr8eKVyPPe/8RSr7sglCWPU5eaxwKQ=="],

    "@darkflorist/address-metadata": ["@darkflorist/address-metadata@0.10.0", "", {}, "sha512-IVFWsi3rvAFRLmbM+lNsv5FtVWdR7jVBIIASW6yERUjviTTTgeIwNKay8o2D1/WWczYmR6cuxDWAN2givkoaBw=="],

    "@hapi/hoek": ["@hapi/hoek@9.3.0", "", {}, "sha512-/c6rf4UJlmHlC9b5BaNvzAcFv7HZ2QHaV0D4/HNlBdvFnvQq8RI4kYdhyPCl7Xj+oWvTWQ8ujhqS53LIgAe6KQ=="],

    "@hapi/topo": ["@hapi/topo@5.1.0", "", { "dependencies": { "@hapi/hoek": "^9.0.0" } }, "sha512-foQZKJig7Ob0BMAYBfcJk8d77QtOe7Wo4ox7ff1lQYoNNAb6jwcY1ncdoy2e9wQZzvNy7ODZCYJkK8kzmcAnAg=="],

    "@noble/ciphers": ["@noble/ciphers@2.2.0", "", {}, "sha512-Z6pjIZ/8IJcCGzb2S/0Px5J81yij85xASuk1teLNeg75bfT07MV3a/O2Mtn1I2se43k3lkVEcFaR10N4cgQcZA=="],

    "@noble/curves": ["@noble/curves@1.9.1", "", { "dependencies": { "@noble/hashes": "1.8.0" } }, "sha512-k11yZxZg+t+gWvBbIswW0yoJlu8cHOC7dhunwOzoWH/mXGBiYyR4YY6hAEK/3EUs4UpB8la1RfdRpeGsFHkWsA=="],

    "@noble/hashes": ["@noble/hashes@1.8.0", "", {}, "sha512-jCs9ldd7NwzpgXDIf6P3+NrHh9/sD6CQdxHyjQI+h/6rDNo88ypBxxz45UDuZHz9r3tNz7N/VInSVoVdtXEI4A=="],

    "@preact/signals": ["@preact/signals@1.1.3", "", { "dependencies": { "@preact/signals-core": "^1.2.3" }, "peerDependencies": { "preact": "10.x" } }, "sha512-N09DuAVvc90bBZVRwD+aFhtGyHAmJLhS3IFoawO/bYJRcil4k83nBOchpCEoS0s5+BXBpahgp0Mjf+IOqP57Og=="],

    "@preact/signals-core": ["@preact/signals-core@1.3.0", "", {}, "sha512-M+M3ZOtd1dtV/uasyk4SZu1vbfEJ4NeENv0F7F12nijZYedB5wSgbtZcuACyssnTznhF4ctUyrR0dZHuHfyWKA=="],

    "@safe-global/safe-apps-provider": ["@safe-global/safe-apps-provider@0.18.6", "", { "dependencies": { "@safe-global/safe-apps-sdk": "^9.1.0", "events": "^3.3.0" } }, "sha512-4LhMmjPWlIO8TTDC2AwLk44XKXaK6hfBTWyljDm0HQ6TWlOEijVWNrt2s3OCVMSxlXAcEzYfqyu1daHZooTC2Q=="],

    "@safe-global/safe-apps-sdk": ["@safe-global/safe-apps-sdk@9.1.0", "", { "dependencies": { "@safe-global/safe-gateway-typescript-sdk": "^3.5.3", "viem": "^2.1.1" } }, "sha512-N5p/ulfnnA2Pi2M3YeWjULeWbjo7ei22JwU/IXnhoHzKq3pYCN6ynL9mJBOlvDVv892EgLPCWCOwQk/uBT2v0Q=="],

    "@safe-global/safe-gateway-typescript-sdk": ["@safe-global/safe-gateway-typescript-sdk@3.23.1", "", {}, "sha512-6ORQfwtEJYpalCeVO21L4XXGSdbEMfyp2hEv6cP82afKXSwvse6d3sdelgaPWUxHIsFRkWvHDdzh8IyyKHZKxw=="],

    "@scure/base": ["@scure/base@2.2.0", "", {}, "sha512-b8XEupJibegiXV+tDUseI8oLQc8ei3d/4Jkb2RpbHh3MfE054ov3uIz2dhFkB3FI8iwYkEh0gGCApkrYggkPNg=="],

    "@scure/bip32": ["@scure/bip32@1.7.0", "", { "dependencies": { "@noble/curves": "~1.9.0", "@noble/hashes": "~1.8.0", "@scure/base": "~1.2.5" } }, "sha512-E4FFX/N3f4B80AKWp5dP6ow+flD1LQZo/w8UnLGYZO674jS6YnYeepycOOksv+vLPSpgN35wgKgy+ybfTb2SMw=="],

    "@scure/bip39": ["@scure/bip39@1.6.0", "", { "dependencies": { "@noble/hashes": "~1.8.0", "@scure/base": "~1.2.5" } }, "sha512-+lF0BbLiJNwVlev4eKelw1WWLaiKXw7sSl8T6FvBlWkdX+94aGJ4o8XjUdlyhTCjd8c+B3KT3JfS8P0bLRNU6A=="],

    "@sideway/address": ["@sideway/address@4.1.5", "", { "dependencies": { "@hapi/hoek": "^9.0.0" } }, "sha512-IqO/DUQHUkPeixNQ8n0JA6102hT9CmaljNTPmQ1u8MEhBo/R4Q8eKLN/vGZxuebwOroDB4cbpjheD4+/sKFK4Q=="],

    "@sideway/formula": ["@sideway/formula@3.0.1", "", {}, "sha512-/poHZJJVjx3L+zVD6g9KgHfYnb443oi7wLu/XKojDviHy6HOEOA6z1Trk5aR1dGcmPenJEgb2sK2I80LeS3MIg=="],

    "@sideway/pinpoint": ["@sideway/pinpoint@2.0.0", "", {}, "sha512-RNiOoTPkptFtSVzQevY/yWtZwf/RxyVnPy/OcA9HBM3MlGDnBEYL5B41H0MTn0Uec8Hi+2qUtTfG2WWZBmMejQ=="],

    "@types/firefox-webext-browser": ["@types/firefox-webext-browser@120.0.3", "", {}, "sha512-APbBSxOvFMbKwXy/4YrEVa5Di6N0C9yl4w0WA0xzdkOrChAfPQ/KlcC8QLyhemHCHpF1CB/zHy52+oUQurViOg=="],

    "@wagmi/connectors": ["@wagmi/connectors@8.2.0", "", { "peerDependencies": { "@base-org/account": "^2.5.1", "@coinbase/wallet-sdk": "^4.3.6", "@metamask/connect-evm": "^2.1.0", "@safe-global/safe-apps-provider": "~0.18.6", "@safe-global/safe-apps-sdk": "^9.1.0", "@wagmi/core": "3.6.5", "@walletconnect/ethereum-provider": "^2.21.1", "accounts": "~0.18", "typescript": ">=5.9.3", "viem": "2.x" }, "optionalPeers": ["@base-org/account", "@coinbase/wallet-sdk", "@metamask/connect-evm", "@safe-global/safe-apps-provider", "@safe-global/safe-apps-sdk", "@walletconnect/ethereum-provider", "accounts", "typescript"] }, "sha512-hPwdmePYjQqSWlw9JmzrzVgmw2PJ+NJsUQ/BuPBYbzBS8+cW5vWdqiaKLB4qTF9m+yr+zSp7u91KBgvOWz50og=="],

    "@wagmi/core": ["@wagmi/core@3.6.5", "", { "dependencies": { "eventemitter3": "5.0.1", "mipd": "0.0.7", "zustand": "5.0.0" }, "peerDependencies": { "@tanstack/query-core": ">=5.0.0", "accounts": "~0.18", "typescript": ">=5.9.3", "viem": "2.x" }, "optionalPeers": ["@tanstack/query-core", "accounts", "typescript"] }, "sha512-zfKvLNT1V1+/RgrrUcRvteKx+V+Iv9ZHPWseIVKFA9mX5WE0H8J6zWZGWXSQCKbz5xGSUoatNFCkNFSzqQp+AA=="],

    "@web3-onboard/common": ["@web3-onboard/common@2.4.2", "", { "dependencies": { "joi": "17.9.1", "viem": "2.12.0" } }, "sha512-3+zkBru5W2jBYFBPPQsnqZ7tuN1GUyM5PzD9/MmhvjCLNhmjFtMQ0MkLzG4Yshodb4UW/DmZpjUVrpjdhEhj/Q=="],

    "@web3-onboard/gnosis": ["@web3-onboard/gnosis@2.3.2", "", { "dependencies": { "@web3-onboard/common": "^2.4.1" }, "peerDependencies": { "@safe-global/safe-apps-provider": "^0.18.2", "@safe-global/safe-apps-sdk": "^8.0.0" } }, "sha512-gLo/Hjli4Ymg3hBz8URAD1ffKF0H/HmyPSiGVpuqiYEGCO39m1Ol9MVscIGAtOKV3QROnkKKf6wgckiKcAupIg=="],

    "abitype": ["abitype@1.2.3", "", { "peerDependencies": { "typescript": ">=5.0.4", "zod": "^3.22.0 || ^4.0.0" }, "optionalPeers": ["typescript", "zod"] }, "sha512-Ofer5QUnuUdTFsBRwARMoWKOH1ND5ehwYhJ3OJ/BQO+StkwQjHw0XyVh4vDttzHB7QOFhPHa/o413PJ82gU/Tg=="],

    "command-exists": ["command-exists@1.2.9", "", {}, "sha512-LTQ/SGc+s0Xc0Fu5WaKnR0YiygZkm9eKFvyS+fRsU7/ZWFF8ykFM6Pc9aCVf1+xasOOZpO3BAVgVrKvsqKHV7w=="],

    "commander": ["commander@8.3.0", "", {}, "sha512-OkTL9umf+He2DZkUq8f8J9of7yL6RJKI24dVITBmNfZBmri9zYZQrKkuXiKhyfPSu8tUhnVBB1iKXevvnlR4Ww=="],

    "eventemitter3": ["eventemitter3@5.0.1", "", {}, "sha512-GWkBvjiSZK87ELrYOSESUYeVIc9mvLLf/nXalMOS5dYrgZq9o5OVkbZAVM06CVxYsCwH9BDZFPlQTlPA1j4ahA=="],

    "events": ["events@3.3.0", "", {}, "sha512-mQw+2fkQbALzQ7V0MY0IqdnXNOeTtP4r0lN9z7AAawCXgqea7bDii20AYrIBrFd/Hx0M2Ocz6S111CaFkUcb0Q=="],

    "follow-redirects": ["follow-redirects@1.16.0", "", { "peerDependencies": { "debug": "*" }, "optionalPeers": ["debug"] }, "sha512-y5rN/uOsadFT/JfYwhxRS5R7Qce+g3zG97+JrtFZlC9klX/W5hD7iiLzScI4nZqUS7DNUdhPgw4xI8W2LuXlUw=="],

    "funtypes": ["funtypes@5.1.0", "", {}, "sha512-Dg5o5JurgX53F/mTwYnFvV2Y95VZLuXw9emaAGSHnssoWxHciO0ZPwY9TPl2aSqU/LfYfCUHPfw7+1pRZvmqdw=="],

    "isows": ["isows@1.0.7", "", { "peerDependencies": { "ws": "*" } }, "sha512-I1fSfDCZL5P0v33sVqeTDSpcstAg/N+wF5HS033mogOVIp4B+oHC7oOCsA3axAbBSGTJ8QubbNmnIRN/h8U7hg=="],

    "joi": ["joi@17.9.1", "", { "dependencies": { "@hapi/hoek": "^9.0.0", "@hapi/topo": "^5.0.0", "@sideway/address": "^4.1.3", "@sideway/formula": "^3.0.1", "@sideway/pinpoint": "^2.0.0" } }, "sha512-FariIi9j6QODKATGBrEX7HZcja8Bsh3rfdGYy/Sb65sGlZWK/QWesU1ghk7aJWDj95knjXlQfSmzFSPPkLVsfw=="],

    "js-sha3": ["js-sha3@0.8.0", "", {}, "sha512-gF1cRrHhIzNfToc802P800N8PpXS+evLLXfsVpowqmAFR9uwbi89WvXg2QspOmXL8QL86J4T1EpFu+yUkwJY3Q=="],

    "memorystream": ["memorystream@0.3.1", "", {}, "sha512-S3UwM3yj5mtUSEfP41UZmt/0SCoVYUcU1rkXv+BQ5Ig8ndL4sPoJNBUJERafdPb5jjHJGuMgytgKvKIf58XNBw=="],

    "micro-eth-signer": ["micro-eth-signer@0.19.0", "", { "dependencies": { "@noble/ciphers": "2.2.0", "@noble/curves": "2.2.0", "@noble/hashes": "2.2.0", "micro-packed": "0.9.0" } }, "sha512-vgij8q88ZMcTvWDnOy76htaneQqagvU7FYjvtxUCeQJT2iTjYCHMzw46ArybKJNZICQ8W8qUFhI9CXWCePd9uQ=="],

    "micro-packed": ["micro-packed@0.9.0", "", { "dependencies": { "@scure/base": "~2.2.0" } }, "sha512-gFdaWTxEXOwtSOcpxulO4AuXVtp3HWIRmB8eq8+3m1Zku0ubgva0UGpi03YhcvsTJasHngG9gTIUK5kHNKdesg=="],

    "mipd": ["mipd@0.0.7", "", { "peerDependencies": { "typescript": ">=5.0.4" }, "optionalPeers": ["typescript"] }, "sha512-aAPZPNDQ3uMTdKbuO2YmAw2TxLHO0moa4YKAyETM/DTj5FloZo+a+8tU+iv4GmW+sOxKLSRwcSFuczk+Cpt6fg=="],

    "os-tmpdir": ["os-tmpdir@1.0.2", "", {}, "sha512-D2FR03Vir7FIu45XBY20mTb+/ZSWB00sjU9jdQXt83gDrI4Ztz5Fs7/yy74g2N5SVQY4xY1qDr4rNddwYRVX0g=="],

    "ox": ["ox@0.14.45", "", { "dependencies": { "@adraffy/ens-normalize": "^1.11.0", "@noble/ciphers": "^1.3.0", "@noble/curves": "1.9.1", "@noble/hashes": "^1.8.0", "@scure/bip32": "^1.7.0", "@scure/bip39": "^1.6.0", "abitype": "^1.2.3", "eventemitter3": "5.0.1" }, "peerDependencies": { "typescript": ">=5.4.0" }, "optionalPeers": ["typescript"] }, "sha512-jpsQ+p0JZh9mKCxxzxz0d5qFHZZg2/O9xW18IpEC/dNXXPVqmDJ0c//9RMz0CILkbSGPA42+cbU0fC/ghwJ03w=="],

    "preact": ["preact@10.24.2", "", {}, "sha512-1cSoF0aCC8uaARATfrlz4VCBqE8LwZwRfLgkxJOQwAlQt6ayTmi0D9OF7nXid1POI5SZidFuG9CnlXbDfLqY/Q=="],

    "semver": ["semver@5.7.2", "", { "bin": { "semver": "bin/semver" } }, "sha512-cBznnQ9KjJqU67B52RMC65CMarK2600WFnbkcaiwWq3xy/5haFJlshgnpjovMVJ+Hff49d8GEn0b87C5pDQ10g=="],

    "solc": ["solc@0.8.18", "", { "dependencies": { "command-exists": "^1.2.8", "commander": "^8.1.0", "follow-redirects": "^1.12.1", "js-sha3": "0.8.0", "memorystream": "^0.3.1", "semver": "^5.5.0", "tmp": "0.0.33" }, "bin": { "solcjs": "solc.js" } }, "sha512-wVAa2Y3BYd64Aby5LsgS3g6YC2NvZ3bJ+A8TAIAukfVuQb3AjyGrLZpyxQk5YLn14G35uZtSnIgHEpab9klOLQ=="],

    "tmp": ["tmp@0.0.33", "", { "dependencies": { "os-tmpdir": "~1.0.2" } }, "sha512-jRCJlojKnZ3addtTOjdIqoRuPEKBvNXcGYqzO6zWZX8KfKEpnGY5jfggJQ3EjKuu8D4bJRr0y+cYJFmYbImXGw=="],

    "typescript": ["typescript@5.9.3", "", { "bin": { "tsc": "bin/tsc", "tsserver": "bin/tsserver" } }, "sha512-jl1vZzPDinLr9eUt3J/t7V6FgNEw9QjvBPdysz9KfQDD41fQrC2Y4vKQdiaUpFT4bXlb1RHhLpp8wtm6M5TgSw=="],

    "viem": ["viem@2.57.1", "", { "dependencies": { "@noble/curves": "1.9.1", "@noble/hashes": "1.8.0", "@scure/bip32": "1.7.0", "@scure/bip39": "1.6.0", "abitype": "1.2.3", "isows": "1.0.7", "ox": "0.14.45", "ws": "8.21.0" }, "peerDependencies": { "typescript": ">=5.0.4" }, "optionalPeers": ["typescript"] }, "sha512-eOV3fHnaMzkIFRefZg1icWztAKvBHg7RMKEH89ywY7hnyq1VxI4s/osXnTBViOsEZ7/LbbxU3w+JaIrbeIXRPQ=="],

    "webextension-polyfill": ["webextension-polyfill@0.10.0", "", {}, "sha512-c5s35LgVa5tFaHhrZDnr3FpQpjj1BB+RXhLTYUxGqBVN460HkbM8TBtEqdXWbpTKfzwCcjAZVF7zXCYSKtcp9g=="],

    "ws": ["ws@8.21.0", "", { "peerDependencies": { "bufferutil": "^4.0.1", "utf-8-validate": ">=5.0.2" }, "optionalPeers": ["bufferutil", "utf-8-validate"] }, "sha512-Vsp28b7DRcimFQvrqu2Wek3z1iYxDCWqHYB8Qsnk/S4RfaCQzPGPyBNuVjJV3cd6UiKtUtp6sNM77gWvzcCH+g=="],

    "zustand": ["zustand@5.0.0", "", { "peerDependencies": { "@types/react": ">=18.0.0", "immer": ">=9.0.6", "react": ">=18.0.0", "use-sync-external-store": ">=1.2.0" }, "optionalPeers": ["@types/react", "immer", "react", "use-sync-external-store"] }, "sha512-LE+VcmbartOPM+auOjCCLQOsQ05zUTp8RkgwRzefUk+2jISdMMFnxvyTjA4YNWr5ZGXYbVsEMZosttuxUBkojQ=="],

    "@scure/bip32/@scure/base": ["@scure/base@1.2.6", "", {}, "sha512-g/nm5FgUa//MCj1gV09zTJTaM6KBAHqLN907YVQqf7zC49+DcO4B1so4ZX07Ef10Twr6nuqYEH9GEggFXA4Fmg=="],

    "@scure/bip39/@scure/base": ["@scure/base@1.2.6", "", {}, "sha512-g/nm5FgUa//MCj1gV09zTJTaM6KBAHqLN907YVQqf7zC49+DcO4B1so4ZX07Ef10Twr6nuqYEH9GEggFXA4Fmg=="],

    "@web3-onboard/common/viem": ["viem@2.12.0", "", { "dependencies": { "@adraffy/ens-normalize": "1.10.0", "@noble/curves": "1.2.0", "@noble/hashes": "1.3.2", "@scure/bip32": "1.3.2", "@scure/bip39": "1.2.1", "abitype": "1.0.0", "isows": "1.0.4", "ws": "8.13.0" }, "peerDependencies": { "typescript": ">=5.0.4" }, "optionalPeers": ["typescript"] }, "sha512-XBvORspE4x2/gfy7idH6IVFwkJiXirygFCU3lxUH6fttsj8zufLtgiokfvZF/LAZUEDvdxSgL08whSYgffM2fw=="],

    "micro-eth-signer/@noble/curves": ["@noble/curves@2.2.0", "", { "dependencies": { "@noble/hashes": "2.2.0" } }, "sha512-T/BoHgFXirb0ENSPBquzX0rcjXeM6Lo892a2jlYJkqk83LqZx0l1Of7DzlKJ6jkpvMrkHSnAcgb5JegL8SeIkQ=="],

    "micro-eth-signer/@noble/hashes": ["@noble/hashes@2.2.0", "", {}, "sha512-IYqDGiTXab6FniAgnSdZwgWbomxpy9FtYvLKs7wCUs2a8RkITG+DFGO1DM9cr+E3/RgADRpFjrKVaJ1z6sjtEg=="],

    "ox/@noble/ciphers": ["@noble/ciphers@1.3.0", "", {}, "sha512-2I0gnIVPtfnMw9ee9h1dJG7tp81+8Ob3OJb3Mv37rx5L40/b0i7djjCVvGOVqc9AEIQyvyu1i6ypKdFw8R8gQw=="],

    "@web3-onboard/common/viem/@adraffy/ens-normalize": ["@adraffy/ens-normalize@1.10.0", "", {}, "sha512-nA9XHtlAkYfJxY7bce8DcN7eKxWWCWkU+1GR9d+U6MbNpfwQp8TI7vqOsBsMcHoT4mBu2kypKoSKnghEzOOq5Q=="],

    "@web3-onboard/common/viem/@noble/curves": ["@noble/curves@1.2.0", "", { "dependencies": { "@noble/hashes": "1.3.2" } }, "sha512-oYclrNgRaM9SsBUBVbb8M6DTV7ZHRTKugureoYEncY5c65HOmRzvSiTE3y5CYaPYJA/GVkrhXEoF0M3Ya9PMnw=="],

    "@web3-onboard/common/viem/@noble/hashes": ["@noble/hashes@1.3.2", "", {}, "sha512-MVC8EAQp7MvEcm30KWENFjgR+Mkmf+D189XJTkFIlwohU5hcBbn1ZkKq7KVTi2Hme3PMGF390DaL52beVrIihQ=="],

    "@web3-onboard/common/viem/@scure/bip32": ["@scure/bip32@1.3.2", "", { "dependencies": { "@noble/curves": "~1.2.0", "@noble/hashes": "~1.3.2", "@scure/base": "~1.1.2" } }, "sha512-N1ZhksgwD3OBlwTv3R6KFEcPojl/W4ElJOeCZdi+vuI5QmTFwLq3OFf2zd2ROpKvxFdgZ6hUpb0dx9bVNEwYCA=="],

    "@web3-onboard/common/viem/@scure/bip39": ["@scure/bip39@1.2.1", "", { "dependencies": { "@noble/hashes": "~1.3.0", "@scure/base": "~1.1.0" } }, "sha512-Z3/Fsz1yr904dduJD0NpiyRHhRYHdcnyh73FZWiV+/qhWi83wNJ3NWolYqCEN+ZWsUz2TWwajJggcRE9r1zUYg=="],

    "@web3-onboard/common/viem/abitype": ["abitype@1.0.0", "", { "peerDependencies": { "typescript": ">=5.0.4", "zod": "^3 >=3.22.0" }, "optionalPeers": ["typescript", "zod"] }, "sha512-NMeMah//6bJ56H5XRj8QCV4AwuW6hB6zqz2LnhhLdcWVQOsXki6/Pn3APeqxCma62nXIcmZWdu1DlHWS74umVQ=="],

    "@web3-onboard/common/viem/isows": ["isows@1.0.4", "", { "peerDependencies": { "ws": "*" } }, "sha512-hEzjY+x9u9hPmBom9IIAqdJCwNLax+xrPb51vEPpERoFlIxgmZcHzsT5jKG06nvInKOBGvReAVz80Umed5CczQ=="],

    "@web3-onboard/common/viem/ws": ["ws@8.13.0", "", { "peerDependencies": { "bufferutil": "^4.0.1", "utf-8-validate": ">=5.0.2" }, "optionalPeers": ["bufferutil", "utf-8-validate"] }, "sha512-x9vcZYTrFPC7aSIbj7sRCYo7L/Xb8Iy+pW0ng0wt2vCJv7M9HOMy0UoN3rr+IFC7hb7vXoqS+P9ktyLLLhO+LA=="],

    "@web3-onboard/common/viem/@scure/bip32/@scure/base": ["@scure/base@1.1.9", "", {}, "sha512-8YKhl8GHiNI/pU2VMaofa2Tor7PJRAjwQLBBuilkJ9L5+13yVbC7JO/wS7piioAvPSwR3JKM1IJ/u4xQzbcXKg=="],

    "@web3-onboard/common/viem/@scure/bip39/@scure/base": ["@scure/base@1.1.9", "", {}, "sha512-8YKhl8GHiNI/pU2VMaofa2Tor7PJRAjwQLBBuilkJ9L5+13yVbC7JO/wS7piioAvPSwR3JKM1IJ/u4xQzbcXKg=="],
  }
}
