{
	"name": "interceptor-extension",
	"lockfileVersion": 3,
	"requires": true,
	"packages": {
		"": {
			"name": "interceptor-extension",
			"dependencies": {
				"@darkflorist/address-metadata": "0.8.0",
				"@noble/curves": "0.8.0",
				"@noble/hashes": "1.4.0",
				"@preact/signals": "1.1.3",
				"ethers": "6.13.1",
				"funtypes": "5.1.0",
				"preact": "10.8.1",
				"webextension-polyfill": "0.10.0"
			},
			"devDependencies": {
				"@types/firefox-webext-browser": "120.0.3",
				"typescript": "5.4.5"
			}
		},
		"node_modules/@adraffy/ens-normalize": {
			"version": "1.10.1",
			"resolved": "https://registry.npmjs.org/@adraffy/ens-normalize/-/ens-normalize-1.10.1.tgz",
			"integrity": "sha512-96Z2IP3mYmF1Xg2cDm8f1gWGf/HUVedQ3FMifV4kG/PQ4yEP51xDtRAEfhVNt5f/uzpNkZHwWQuUcu6D6K+Ekw=="
		},
		"node_modules/@darkflorist/address-metadata": {
			"version": "0.8.0",
			"resolved": "https://registry.npmjs.org/@darkflorist/address-metadata/-/address-metadata-0.8.0.tgz",
			"integrity": "sha512-L93G5gsR+MIDDOae81p5jmt0/C04pIll0kgdwrexuWjAqmQJ/wey5LGCF9WMPBK5IKiksH8mjjBzv5OLdCY86Q=="
		},
		"node_modules/@noble/curves": {
			"version": "0.8.0",
			"funding": [
				{
					"type": "individual",
					"url": "https://paulmillr.com/funding/"
				}
			],
			"license": "MIT",
			"dependencies": {
				"@noble/hashes": "1.2.0"
			}
		},
		"node_modules/@noble/curves/node_modules/@noble/hashes": {
			"version": "1.2.0",
			"resolved": "https://registry.npmjs.org/@noble/hashes/-/hashes-1.2.0.tgz",
			"integrity": "sha512-FZfhjEDbT5GRswV3C6uvLPHMiVD6lQBmpoX5+eSiPaMTXte/IKqI5dykDxzZB/WBeK/CDuQRBWarPdi3FNY2zQ==",
			"funding": [
				{
					"type": "individual",
					"url": "https://paulmillr.com/funding/"
				}
			]
		},
		"node_modules/@noble/hashes": {
			"version": "1.4.0",
			"resolved": "https://registry.npmjs.org/@noble/hashes/-/hashes-1.4.0.tgz",
			"integrity": "sha512-V1JJ1WTRUqHHrOSh597hURcMqVKVGL/ea3kv0gSnEdsEZ0/+VyPghM1lMNGc00z7CIQorSvbKpuJkxvuHbvdbg==",
			"engines": {
				"node": ">= 16"
			},
			"funding": {
				"url": "https://paulmillr.com/funding/"
			}
		},
		"node_modules/@preact/signals": {
			"version": "1.1.3",
			"resolved": "https://registry.npmjs.org/@preact/signals/-/signals-1.1.3.tgz",
			"integrity": "sha512-N09DuAVvc90bBZVRwD+aFhtGyHAmJLhS3IFoawO/bYJRcil4k83nBOchpCEoS0s5+BXBpahgp0Mjf+IOqP57Og==",
			"dependencies": {
				"@preact/signals-core": "^1.2.3"
			},
			"funding": {
				"type": "opencollective",
				"url": "https://opencollective.com/preact"
			},
			"peerDependencies": {
				"preact": "10.x"
			}
		},
		"node_modules/@preact/signals-core": {
			"version": "1.3.0",
			"resolved": "https://registry.npmjs.org/@preact/signals-core/-/signals-core-1.3.0.tgz",
			"integrity": "sha512-M+M3ZOtd1dtV/uasyk4SZu1vbfEJ4NeENv0F7F12nijZYedB5wSgbtZcuACyssnTznhF4ctUyrR0dZHuHfyWKA==",
			"funding": {
				"type": "opencollective",
				"url": "https://opencollective.com/preact"
			}
		},
		"node_modules/@types/firefox-webext-browser": {
			"version": "120.0.3",
			"resolved": "https://registry.npmjs.org/@types/firefox-webext-browser/-/firefox-webext-browser-120.0.3.tgz",
			"integrity": "sha512-APbBSxOvFMbKwXy/4YrEVa5Di6N0C9yl4w0WA0xzdkOrChAfPQ/KlcC8QLyhemHCHpF1CB/zHy52+oUQurViOg==",
			"dev": true
		},
		"node_modules/@types/node": {
			"version": "18.15.13",
			"resolved": "https://registry.npmjs.org/@types/node/-/node-18.15.13.tgz",
			"integrity": "sha512-N+0kuo9KgrUQ1Sn/ifDXsvg0TTleP7rIy4zOBGECxAljqvqfqpTfzx0Q1NUedOixRMBfe2Whhb056a42cWs26Q=="
		},
		"node_modules/aes-js": {
			"version": "4.0.0-beta.5",
			"resolved": "https://registry.npmjs.org/aes-js/-/aes-js-4.0.0-beta.5.tgz",
			"integrity": "sha512-G965FqalsNyrPqgEGON7nIx1e/OVENSgiEIzyC63haUMuvNnwIgIjMs52hlTCKhkBny7A2ORNlfY9Zu+jmGk1Q=="
		},
		"node_modules/ethers": {
			"version": "6.13.1",
			"resolved": "https://registry.npmjs.org/ethers/-/ethers-6.13.1.tgz",
			"integrity": "sha512-hdJ2HOxg/xx97Lm9HdCWk949BfYqYWpyw4//78SiwOLgASyfrNszfMUNB2joKjvGUdwhHfaiMMFFwacVVoLR9A==",
			"funding": [
				{
					"type": "individual",
					"url": "https://github.com/sponsors/ethers-io/"
				},
				{
					"type": "individual",
					"url": "https://www.buymeacoffee.com/ricmoo"
				}
			],
			"dependencies": {
				"@adraffy/ens-normalize": "1.10.1",
				"@noble/curves": "1.2.0",
				"@noble/hashes": "1.3.2",
				"@types/node": "18.15.13",
				"aes-js": "4.0.0-beta.5",
				"tslib": "2.4.0",
				"ws": "8.17.1"
			},
			"engines": {
				"node": ">=14.0.0"
			}
		},
		"node_modules/ethers/node_modules/@noble/curves": {
			"version": "1.2.0",
			"resolved": "https://registry.npmjs.org/@noble/curves/-/curves-1.2.0.tgz",
			"integrity": "sha512-oYclrNgRaM9SsBUBVbb8M6DTV7ZHRTKugureoYEncY5c65HOmRzvSiTE3y5CYaPYJA/GVkrhXEoF0M3Ya9PMnw==",
			"dependencies": {
				"@noble/hashes": "1.3.2"
			},
			"funding": {
				"url": "https://paulmillr.com/funding/"
			}
		},
		"node_modules/ethers/node_modules/@noble/hashes": {
			"version": "1.3.2",
			"resolved": "https://registry.npmjs.org/@noble/hashes/-/hashes-1.3.2.tgz",
			"integrity": "sha512-MVC8EAQp7MvEcm30KWENFjgR+Mkmf+D189XJTkFIlwohU5hcBbn1ZkKq7KVTi2Hme3PMGF390DaL52beVrIihQ==",
			"engines": {
				"node": ">= 16"
			},
			"funding": {
				"url": "https://paulmillr.com/funding/"
			}
		},
		"node_modules/funtypes": {
			"version": "5.1.0",
			"resolved": "https://registry.npmjs.org/funtypes/-/funtypes-5.1.0.tgz",
			"integrity": "sha512-Dg5o5JurgX53F/mTwYnFvV2Y95VZLuXw9emaAGSHnssoWxHciO0ZPwY9TPl2aSqU/LfYfCUHPfw7+1pRZvmqdw=="
		},
		"node_modules/preact": {
			"version": "10.8.1",
			"license": "MIT",
			"funding": {
				"type": "opencollective",
				"url": "https://opencollective.com/preact"
			}
		},
		"node_modules/tslib": {
			"version": "2.4.0",
			"resolved": "https://registry.npmjs.org/tslib/-/tslib-2.4.0.tgz",
			"integrity": "sha512-d6xOpEDfsi2CZVlPQzGeux8XMwLT9hssAsaPYExaQMuYskwb+x1x7J371tWlbBdWHroy99KnVB6qIkUbs5X3UQ=="
		},
		"node_modules/typescript": {
			"version": "5.4.5",
			"resolved": "https://registry.npmjs.org/typescript/-/typescript-5.4.5.tgz",
			"integrity": "sha512-vcI4UpRgg81oIRUFwR0WSIHKt11nJ7SAVlYNIu+QpqeyXP+gpQJy/Z4+F0aGxSE4MqwjyXvW/TzgkLAx2AGHwQ==",
			"dev": true,
			"bin": {
				"tsc": "bin/tsc",
				"tsserver": "bin/tsserver"
			},
			"engines": {
				"node": ">=14.17"
			}
		},
		"node_modules/webextension-polyfill": {
			"version": "0.10.0",
			"resolved": "https://registry.npmjs.org/webextension-polyfill/-/webextension-polyfill-0.10.0.tgz",
			"integrity": "sha512-c5s35LgVa5tFaHhrZDnr3FpQpjj1BB+RXhLTYUxGqBVN460HkbM8TBtEqdXWbpTKfzwCcjAZVF7zXCYSKtcp9g=="
		},
		"node_modules/ws": {
			"version": "8.17.1",
			"resolved": "https://registry.npmjs.org/ws/-/ws-8.17.1.tgz",
			"integrity": "sha512-6XQFvXTkbfUOZOKKILFG1PDK2NDQs4azKQl26T0YS5CxqWLgXajbPZ+h4gZekJyRqFU8pvnbAbbs/3TgRPy+GQ==",
			"engines": {
				"node": ">=10.0.0"
			},
			"peerDependencies": {
				"bufferutil": "^4.0.1",
				"utf-8-validate": ">=5.0.2"
			},
			"peerDependenciesMeta": {
				"bufferutil": {
					"optional": true
				},
				"utf-8-validate": {
					"optional": true
				}
			}
		}
	}
}
