{
	"name": "interceptor-extension",
	"lockfileVersion": 3,
	"requires": true,
	"packages": {
		"": {
			"name": "interceptor-extension",
			"dependencies": {
				"@darkflorist/address-metadata": "0.5.0",
				"@noble/curves": "0.8.0",
				"@noble/hashes": "1.2.0",
				"@preact/signals": "1.1.3",
				"ethers": "6.11.0",
				"funtypes": "5.1.0",
				"preact": "10.8.1",
				"webextension-polyfill": "0.10.0"
			},
			"devDependencies": {
				"@types/firefox-webext-browser": "109.0.0",
				"better-typescript-lib": "2.6.0",
				"typescript": "5.3.3"
			}
		},
		"node_modules/@adraffy/ens-normalize": {
			"version": "1.10.1",
			"resolved": "https://registry.npmjs.org/@adraffy/ens-normalize/-/ens-normalize-1.10.1.tgz",
			"integrity": "sha512-96Z2IP3mYmF1Xg2cDm8f1gWGf/HUVedQ3FMifV4kG/PQ4yEP51xDtRAEfhVNt5f/uzpNkZHwWQuUcu6D6K+Ekw=="
		},
		"node_modules/@darkflorist/address-metadata": {
			"version": "0.5.0",
			"resolved": "https://registry.npmjs.org/@darkflorist/address-metadata/-/address-metadata-0.5.0.tgz",
			"integrity": "sha512-XsH9rn+LtGhfR7UTM6Oz8k1nn6EFO4vwYi+cuR7Y1Zt/ut0GudQv44Kcr+GuhmpT3yYMzUtSdtrY9cQkyR4qKQ=="
		},
		"node_modules/@noble/curves": {
			"version": "0.8.0",
			"funding": [
				{
					"type": "individual",
					"url": "https://paulmillr.com/funding/"
				}
			],
			"license": "MIT",
			"dependencies": {
				"@noble/hashes": "1.2.0"
			}
		},
		"node_modules/@noble/hashes": {
			"version": "1.2.0",
			"funding": [
				{
					"type": "individual",
					"url": "https://paulmillr.com/funding/"
				}
			],
			"license": "MIT"
		},
		"node_modules/@preact/signals": {
			"version": "1.1.3",
			"resolved": "https://registry.npmjs.org/@preact/signals/-/signals-1.1.3.tgz",
			"integrity": "sha512-N09DuAVvc90bBZVRwD+aFhtGyHAmJLhS3IFoawO/bYJRcil4k83nBOchpCEoS0s5+BXBpahgp0Mjf+IOqP57Og==",
			"dependencies": {
				"@preact/signals-core": "^1.2.3"
			},
			"funding": {
				"type": "opencollective",
				"url": "https://opencollective.com/preact"
			},
			"peerDependencies": {
				"preact": "10.x"
			}
		},
		"node_modules/@preact/signals-core": {
			"version": "1.3.0",
			"resolved": "https://registry.npmjs.org/@preact/signals-core/-/signals-core-1.3.0.tgz",
			"integrity": "sha512-M+M3ZOtd1dtV/uasyk4SZu1vbfEJ4NeENv0F7F12nijZYedB5wSgbtZcuACyssnTznhF4ctUyrR0dZHuHfyWKA==",
			"funding": {
				"type": "opencollective",
				"url": "https://opencollective.com/preact"
			}
		},
		"node_modules/@types/firefox-webext-browser": {
			"version": "109.0.0",
			"dev": true,
			"license": "MIT"
		},
		"node_modules/@types/node": {
			"version": "18.15.13",
			"resolved": "https://registry.npmjs.org/@types/node/-/node-18.15.13.tgz",
			"integrity": "sha512-N+0kuo9KgrUQ1Sn/ifDXsvg0TTleP7rIy4zOBGECxAljqvqfqpTfzx0Q1NUedOixRMBfe2Whhb056a42cWs26Q=="
		},
		"node_modules/@typescript/lib-decorators": {
			"name": "@better-typescript-lib/decorators",
			"version": "2.6.0",
			"resolved": "https://registry.npmjs.org/@better-typescript-lib/decorators/-/decorators-2.6.0.tgz",
			"integrity": "sha512-TFeJUMi+qpt04YevVB7ZI5+gv8n4dHCrLd5AGTSihBbJrlh03MMnjXbSX9yhMb2c+G60LtEIN3j2BiJe4QGkyw==",
			"dev": true,
			"peerDependencies": {
				"typescript": ">=4.5.2"
			}
		},
		"node_modules/@typescript/lib-dom": {
			"name": "@better-typescript-lib/dom",
			"version": "2.6.0",
			"resolved": "https://registry.npmjs.org/@better-typescript-lib/dom/-/dom-2.6.0.tgz",
			"integrity": "sha512-tmIrAmijhB0c8qSvnis8Rl7C2LrQiQEnot58+JyeCLtWAntuxcDYF/p1BdfYGdALGzjHtwLgzWU2mYmYd+B7kA==",
			"dev": true,
			"peerDependencies": {
				"typescript": ">=4.5.2"
			}
		},
		"node_modules/@typescript/lib-es2015": {
			"name": "@better-typescript-lib/es2015",
			"version": "2.6.0",
			"resolved": "https://registry.npmjs.org/@better-typescript-lib/es2015/-/es2015-2.6.0.tgz",
			"integrity": "sha512-zc57rxah/goRgzY7YKq8HgLIB/bO7uHjWegKaQdFnHnJqvDtu/A3CgVdf+OQ0GIwV9T6gxKG/cuFo8DbdR/5pA==",
			"dev": true,
			"peerDependencies": {
				"typescript": ">=4.5.2"
			}
		},
		"node_modules/@typescript/lib-es2016": {
			"name": "@better-typescript-lib/es2016",
			"version": "2.6.0",
			"resolved": "https://registry.npmjs.org/@better-typescript-lib/es2016/-/es2016-2.6.0.tgz",
			"integrity": "sha512-UAq6O3LEzThBUELT8+gbqLemh8RHOVh/IiZyQudpyv2eKWj2XTD3hTSLjFY30mRj4pvcJbFSN7bzyC1Ot9bcrw==",
			"dev": true,
			"peerDependencies": {
				"typescript": ">=4.5.2"
			}
		},
		"node_modules/@typescript/lib-es2017": {
			"name": "@better-typescript-lib/es2017",
			"version": "2.6.0",
			"resolved": "https://registry.npmjs.org/@better-typescript-lib/es2017/-/es2017-2.6.0.tgz",
			"integrity": "sha512-Gw+Vyq5oRB4o0dWx16QnT2EzyPSco/2QJqmVlarND28WtmIkhd2fzBSeMwZArwC7sNqriwWJcE7RhJ4hMitU5Q==",
			"dev": true,
			"peerDependencies": {
				"typescript": ">=4.5.2"
			}
		},
		"node_modules/@typescript/lib-es2018": {
			"name": "@better-typescript-lib/es2018",
			"version": "2.6.0",
			"resolved": "https://registry.npmjs.org/@better-typescript-lib/es2018/-/es2018-2.6.0.tgz",
			"integrity": "sha512-RLDUijcPsZnByj1DGuQ42wexxTdS58ZQuisz24e1kpDGzvmHoLRRT63K6gY5OnTwgmVpLN1fLlIvWVXHAZ9cig==",
			"dev": true,
			"peerDependencies": {
				"typescript": ">=4.5.2"
			}
		},
		"node_modules/@typescript/lib-es2019": {
			"name": "@better-typescript-lib/es2019",
			"version": "2.6.0",
			"resolved": "https://registry.npmjs.org/@better-typescript-lib/es2019/-/es2019-2.6.0.tgz",
			"integrity": "sha512-s3aISlNyNDxzAtx3+lwJ8S46jCnFioP/su8B+dbBVPgChaDEaoX0KujvAn+QG5FqWB56FOyyqgewWye0COCktg==",
			"dev": true,
			"peerDependencies": {
				"typescript": ">=4.5.2"
			}
		},
		"node_modules/@typescript/lib-es2020": {
			"name": "@better-typescript-lib/es2020",
			"version": "2.6.0",
			"resolved": "https://registry.npmjs.org/@better-typescript-lib/es2020/-/es2020-2.6.0.tgz",
			"integrity": "sha512-mghVyw67zwgpOAc7kQmbM4Y8mvAllan1p+dP/k7CaRsaKA0kPZbwNoPUGGB+4b+KTUg3YMnuCXFGNt1vc1jCiQ==",
			"dev": true,
			"peerDependencies": {
				"typescript": ">=4.5.2"
			}
		},
		"node_modules/@typescript/lib-es2021": {
			"name": "@better-typescript-lib/es2021",
			"version": "2.6.0",
			"resolved": "https://registry.npmjs.org/@better-typescript-lib/es2021/-/es2021-2.6.0.tgz",
			"integrity": "sha512-sh9/K4RZbvg67SRhSWs/xngB0JjF4+zZm2vjTuw/dgiANEEgKPv0SUIs4q6KIB3MbBVNw3g9uvk4uH0OTr22MQ==",
			"dev": true,
			"peerDependencies": {
				"typescript": ">=4.5.2"
			}
		},
		"node_modules/@typescript/lib-es2022": {
			"name": "@better-typescript-lib/es2022",
			"version": "2.6.0",
			"resolved": "https://registry.npmjs.org/@better-typescript-lib/es2022/-/es2022-2.6.0.tgz",
			"integrity": "sha512-WA3WcughffiWKWvRrevR5vkf/kENAi9vo1ookUNrvIW16Mxfw1nHwEBP7m7+HZbcEv44ZsU0BHLe5uAoi1be+Q==",
			"dev": true,
			"peerDependencies": {
				"typescript": ">=4.5.2"
			}
		},
		"node_modules/@typescript/lib-es2023": {
			"name": "@better-typescript-lib/es2023",
			"version": "2.6.0",
			"resolved": "https://registry.npmjs.org/@better-typescript-lib/es2023/-/es2023-2.6.0.tgz",
			"integrity": "sha512-LsXyyXtRx6D+DlZ/zc1e/VMiiYmU1sT06k9gX3Lksv3FGOpjT5tzee6JBIv58a1JgtL5xF/2g8ayFY+aFPLSdw==",
			"dev": true,
			"peerDependencies": {
				"typescript": ">=4.5.2"
			}
		},
		"node_modules/@typescript/lib-es5": {
			"name": "@better-typescript-lib/es5",
			"version": "2.6.0",
			"resolved": "https://registry.npmjs.org/@better-typescript-lib/es5/-/es5-2.6.0.tgz",
			"integrity": "sha512-H3s7BYX7G1kgSvU4NuwMDrXzwJF2TQcWrGWCGVlw8z/SwaPvbR1Wkfd8teXiKhHGKjS4k0MihpY0BXbVaD81Cg==",
			"dev": true,
			"peerDependencies": {
				"typescript": ">=4.5.2"
			}
		},
		"node_modules/@typescript/lib-es6": {
			"name": "@better-typescript-lib/es6",
			"version": "2.6.0",
			"resolved": "https://registry.npmjs.org/@better-typescript-lib/es6/-/es6-2.6.0.tgz",
			"integrity": "sha512-ziSzt8heYo2rbWSqs2vBvt9yR5gzJ1TxkvTG0SnXOADIfMx3sVrNFhKGx1VHGDW/fDsseUshVijL4XPKpeErGA==",
			"dev": true,
			"peerDependencies": {
				"typescript": ">=4.5.2"
			}
		},
		"node_modules/@typescript/lib-esnext": {
			"name": "@better-typescript-lib/esnext",
			"version": "2.6.0",
			"resolved": "https://registry.npmjs.org/@better-typescript-lib/esnext/-/esnext-2.6.0.tgz",
			"integrity": "sha512-BRMZj9z2CrUZXqcBFvzOBKWzADPPCemUU8YDU9G9NaVJ425GS8dK0TcFFs7VU/P73uo58AggUf/hGBc/XFBupA==",
			"dev": true,
			"peerDependencies": {
				"typescript": ">=4.5.2"
			}
		},
		"node_modules/@typescript/lib-scripthost": {
			"name": "@better-typescript-lib/scripthost",
			"version": "2.6.0",
			"resolved": "https://registry.npmjs.org/@better-typescript-lib/scripthost/-/scripthost-2.6.0.tgz",
			"integrity": "sha512-7682eEjIHhohqx/KCJBgArJc3lgUiL1KWNBB0Fqt0qCkOsdj5fnp0eCX80RAKXxCoigwF8k8vFB2v5zMSF/RKw==",
			"dev": true,
			"peerDependencies": {
				"typescript": ">=4.5.2"
			}
		},
		"node_modules/@typescript/lib-webworker": {
			"name": "@better-typescript-lib/webworker",
			"version": "2.6.0",
			"resolved": "https://registry.npmjs.org/@better-typescript-lib/webworker/-/webworker-2.6.0.tgz",
			"integrity": "sha512-6JgJpougT1DLEgunHfPFSyw92y+oofMuH5yO3dJE0F6OE809S7b+tGm8Rzy8KgeQmoEos/REMqsjf4dKXgaoOA==",
			"dev": true,
			"peerDependencies": {
				"typescript": ">=4.5.2"
			}
		},
		"node_modules/aes-js": {
			"version": "4.0.0-beta.5",
			"resolved": "https://registry.npmjs.org/aes-js/-/aes-js-4.0.0-beta.5.tgz",
			"integrity": "sha512-G965FqalsNyrPqgEGON7nIx1e/OVENSgiEIzyC63haUMuvNnwIgIjMs52hlTCKhkBny7A2ORNlfY9Zu+jmGk1Q=="
		},
		"node_modules/better-typescript-lib": {
			"version": "2.6.0",
			"resolved": "https://registry.npmjs.org/better-typescript-lib/-/better-typescript-lib-2.6.0.tgz",
			"integrity": "sha512-TEK5TQX1UlxGGMFuOglZ/05pUIh6jIYk7pny6NY9H34/VzTFvMRDsNzkQsVaTd5X4zWc+zNiJmFyn9uceUSPaQ==",
			"dev": true,
			"dependencies": {
				"@typescript/lib-decorators": "npm:@better-typescript-lib/decorators@2.6.0",
				"@typescript/lib-dom": "npm:@better-typescript-lib/dom@2.6.0",
				"@typescript/lib-es2015": "npm:@better-typescript-lib/es2015@2.6.0",
				"@typescript/lib-es2016": "npm:@better-typescript-lib/es2016@2.6.0",
				"@typescript/lib-es2017": "npm:@better-typescript-lib/es2017@2.6.0",
				"@typescript/lib-es2018": "npm:@better-typescript-lib/es2018@2.6.0",
				"@typescript/lib-es2019": "npm:@better-typescript-lib/es2019@2.6.0",
				"@typescript/lib-es2020": "npm:@better-typescript-lib/es2020@2.6.0",
				"@typescript/lib-es2021": "npm:@better-typescript-lib/es2021@2.6.0",
				"@typescript/lib-es2022": "npm:@better-typescript-lib/es2022@2.6.0",
				"@typescript/lib-es2023": "npm:@better-typescript-lib/es2023@2.6.0",
				"@typescript/lib-es5": "npm:@better-typescript-lib/es5@2.6.0",
				"@typescript/lib-es6": "npm:@better-typescript-lib/es6@2.6.0",
				"@typescript/lib-esnext": "npm:@better-typescript-lib/esnext@2.6.0",
				"@typescript/lib-scripthost": "npm:@better-typescript-lib/scripthost@2.6.0",
				"@typescript/lib-webworker": "npm:@better-typescript-lib/webworker@2.6.0"
			},
			"peerDependencies": {
				"typescript": ">=4.5.2"
			}
		},
		"node_modules/ethers": {
			"version": "6.11.0",
			"resolved": "https://registry.npmjs.org/ethers/-/ethers-6.11.0.tgz",
			"integrity": "sha512-kPHNTnhVWiWU6AVo6CAeTjXEK24SpCXyZvwG9ROFjT0Vlux0EOhWKBAeC+45iDj80QNJTYaT1SDEmeunT0vDNw==",
			"funding": [
				{
					"type": "individual",
					"url": "https://github.com/sponsors/ethers-io/"
				},
				{
					"type": "individual",
					"url": "https://www.buymeacoffee.com/ricmoo"
				}
			],
			"dependencies": {
				"@adraffy/ens-normalize": "1.10.1",
				"@noble/curves": "1.2.0",
				"@noble/hashes": "1.3.2",
				"@types/node": "18.15.13",
				"aes-js": "4.0.0-beta.5",
				"tslib": "2.4.0",
				"ws": "8.5.0"
			},
			"engines": {
				"node": ">=14.0.0"
			}
		},
		"node_modules/ethers/node_modules/@noble/curves": {
			"version": "1.2.0",
			"resolved": "https://registry.npmjs.org/@noble/curves/-/curves-1.2.0.tgz",
			"integrity": "sha512-oYclrNgRaM9SsBUBVbb8M6DTV7ZHRTKugureoYEncY5c65HOmRzvSiTE3y5CYaPYJA/GVkrhXEoF0M3Ya9PMnw==",
			"dependencies": {
				"@noble/hashes": "1.3.2"
			},
			"funding": {
				"url": "https://paulmillr.com/funding/"
			}
		},
		"node_modules/ethers/node_modules/@noble/hashes": {
			"version": "1.3.2",
			"resolved": "https://registry.npmjs.org/@noble/hashes/-/hashes-1.3.2.tgz",
			"integrity": "sha512-MVC8EAQp7MvEcm30KWENFjgR+Mkmf+D189XJTkFIlwohU5hcBbn1ZkKq7KVTi2Hme3PMGF390DaL52beVrIihQ==",
			"engines": {
				"node": ">= 16"
			},
			"funding": {
				"url": "https://paulmillr.com/funding/"
			}
		},
		"node_modules/funtypes": {
			"version": "5.1.0",
			"resolved": "https://registry.npmjs.org/funtypes/-/funtypes-5.1.0.tgz",
			"integrity": "sha512-Dg5o5JurgX53F/mTwYnFvV2Y95VZLuXw9emaAGSHnssoWxHciO0ZPwY9TPl2aSqU/LfYfCUHPfw7+1pRZvmqdw=="
		},
		"node_modules/preact": {
			"version": "10.8.1",
			"license": "MIT",
			"funding": {
				"type": "opencollective",
				"url": "https://opencollective.com/preact"
			}
		},
		"node_modules/tslib": {
			"version": "2.4.0",
			"resolved": "https://registry.npmjs.org/tslib/-/tslib-2.4.0.tgz",
			"integrity": "sha512-d6xOpEDfsi2CZVlPQzGeux8XMwLT9hssAsaPYExaQMuYskwb+x1x7J371tWlbBdWHroy99KnVB6qIkUbs5X3UQ=="
		},
		"node_modules/typescript": {
			"version": "5.3.3",
			"resolved": "https://registry.npmjs.org/typescript/-/typescript-5.3.3.tgz",
			"integrity": "sha512-pXWcraxM0uxAS+tN0AG/BF2TyqmHO014Z070UsJ+pFvYuRSq8KH8DmWpnbXe0pEPDHXZV3FcAbJkijJ5oNEnWw==",
			"dev": true,
			"bin": {
				"tsc": "bin/tsc",
				"tsserver": "bin/tsserver"
			},
			"engines": {
				"node": ">=14.17"
			}
		},
		"node_modules/webextension-polyfill": {
			"version": "0.10.0",
			"resolved": "https://registry.npmjs.org/webextension-polyfill/-/webextension-polyfill-0.10.0.tgz",
			"integrity": "sha512-c5s35LgVa5tFaHhrZDnr3FpQpjj1BB+RXhLTYUxGqBVN460HkbM8TBtEqdXWbpTKfzwCcjAZVF7zXCYSKtcp9g=="
		},
		"node_modules/ws": {
			"version": "8.5.0",
			"resolved": "https://registry.npmjs.org/ws/-/ws-8.5.0.tgz",
			"integrity": "sha512-BWX0SWVgLPzYwF8lTzEy1egjhS4S4OEAHfsO8o65WOVsrnSRGaSiUaa9e0ggGlkMTtBlmOpEXiie9RUcBO86qg==",
			"engines": {
				"node": ">=10.0.0"
			},
			"peerDependencies": {
				"bufferutil": "^4.0.1",
				"utf-8-validate": "^5.0.2"
			},
			"peerDependenciesMeta": {
				"bufferutil": {
					"optional": true
				},
				"utf-8-validate": {
					"optional": true
				}
			}
		}
	}
}
