lockfileVersion: '6.0'

settings:
  autoInstallPeers: true
  excludeLinksFromLockfile: false

dependencies:
  '@darkflorist/address-metadata':
    specifier: 0.2.0
    version: 0.2.0
  '@noble/curves':
    specifier: 1.1.0
    version: 1.1.0
  '@noble/hashes':
    specifier: 1.2.0
    version: 1.2.0
  '@noble/secp256k1':
    specifier: 2.0.0
    version: 2.0.0
  '@preact/signals':
    specifier: 1.1.3
    version: 1.1.3(preact@10.8.1)
  '@preact/signals-core':
    specifier: 1.3.0
    version: 1.3.0
  ethers:
    specifier: 6.4.0
    version: 6.4.0
  funtypes:
    specifier: 5.0.3
    version: 5.0.3
  preact:
    specifier: 10.8.1
    version: 10.8.1
  webextension-polyfill:
    specifier: 0.10.0
    version: 0.10.0

devDependencies:
  '@types/firefox-webext-browser':
    specifier: 109.0.0
    version: 109.0.0
  '@types/node':
    specifier: ^18
    version: 18.0.0
  typescript:
    specifier: 5.0.4
    version: 5.0.4

packages:

  /@darkflorist/address-metadata@0.2.0:
    resolution: {integrity: sha512-KFh4YWt6+yHzJRlVGHcx/amlp4s+SfuQvmAQEuzu2jiwvSoEEUGv6UdWoFgMHuO0t2atvdQCYw2etsdEwqTmig==}
    dev: false

  /@noble/curves@1.1.0:
    resolution: {integrity: sha512-091oBExgENk/kGj3AZmtBDMpxQPDtxQABR2B9lb1JbVTs6ytdzZNwvhxQ4MWasRNEzlbEH8jCWFCwhF/Obj5AA==}
    dependencies:
      '@noble/hashes': 1.3.1
    dev: false

  /@noble/hashes@1.1.2:
    resolution: {integrity: sha512-KYRCASVTv6aeUi1tsF8/vpyR7zpfs3FUzy2Jqm+MU+LmUKhQ0y2FpfwqkCcxSg2ua4GALJd8k2R76WxwZGbQpA==}
    dev: false

  /@noble/hashes@1.2.0:
    resolution: {integrity: sha512-FZfhjEDbT5GRswV3C6uvLPHMiVD6lQBmpoX5+eSiPaMTXte/IKqI5dykDxzZB/WBeK/CDuQRBWarPdi3FNY2zQ==}
    dev: false

  /@noble/hashes@1.3.1:
    resolution: {integrity: sha512-EbqwksQwz9xDRGfDST86whPBgM65E0OH/pCgqW0GBVzO22bNE+NuIbeTb714+IfSjU3aRk47EUvXIb5bTsenKA==}
    engines: {node: '>= 16'}
    dev: false

  /@noble/secp256k1@1.7.1:
    resolution: {integrity: sha512-hOUk6AyBFmqVrv7k5WAw/LpszxVbj9gGN4JRkIX52fdFAj1UA61KXmZDvqVEm+pOyec3+fIeZB02LYa/pWOArw==}
    dev: false

  /@noble/secp256k1@2.0.0:
    resolution: {integrity: sha512-rUGBd95e2a45rlmFTqQJYEFA4/gdIARFfuTuTqLglz0PZ6AKyzyXsEZZq7UZn8hZsvaBgpCzKKBJizT2cJERXw==}
    dev: false

  /@preact/signals-core@1.3.0:
    resolution: {integrity: sha512-M+M3ZOtd1dtV/uasyk4SZu1vbfEJ4NeENv0F7F12nijZYedB5wSgbtZcuACyssnTznhF4ctUyrR0dZHuHfyWKA==}
    dev: false

  /@preact/signals@1.1.3(preact@10.8.1):
    resolution: {integrity: sha512-N09DuAVvc90bBZVRwD+aFhtGyHAmJLhS3IFoawO/bYJRcil4k83nBOchpCEoS0s5+BXBpahgp0Mjf+IOqP57Og==}
    peerDependencies:
      preact: 10.x
    dependencies:
      '@preact/signals-core': 1.3.0
      preact: 10.8.1
    dev: false

  /@types/firefox-webext-browser@109.0.0:
    resolution: {integrity: sha512-tkEjBP/zZxaS5bv8MH/0kUs3WeUm8KU3Ew1B9BtQQdq5PwtG23SXvAbjxjMSQpoIzbxyWG4Yu4mi1uB2S8W7ng==}
    dev: true

  /@types/node@18.0.0:
    resolution: {integrity: sha512-cHlGmko4gWLVI27cGJntjs/Sj8th9aYwplmZFwmmgYQQvL5NUsgVJG7OddLvNfLqYS31KFN0s3qlaD9qCaxACA==}
    dev: true

  /@types/node@18.15.13:
    resolution: {integrity: sha512-N+0kuo9KgrUQ1Sn/ifDXsvg0TTleP7rIy4zOBGECxAljqvqfqpTfzx0Q1NUedOixRMBfe2Whhb056a42cWs26Q==}
    dev: false

  /aes-js@4.0.0-beta.5:
    resolution: {integrity: sha512-G965FqalsNyrPqgEGON7nIx1e/OVENSgiEIzyC63haUMuvNnwIgIjMs52hlTCKhkBny7A2ORNlfY9Zu+jmGk1Q==}
    dev: false

  /ethers@6.4.0:
    resolution: {integrity: sha512-nksaMCwX+BOdV2NQ1/57OehSD2JtujbhrdC2+Fb9VpvBO0WO6h+WWwu3oMMw7aUiTa5lvQcWX1vl4aOy7Q3CTg==}
    engines: {node: '>=14.0.0'}
    dependencies:
      '@adraffy/ens-normalize': github.com/ricmoo/ens-normalize.js/2d040533e57e4f25f9a7cc4715e219658ad454b5
      '@noble/hashes': 1.1.2
      '@noble/secp256k1': 1.7.1
      '@types/node': 18.15.13
      aes-js: 4.0.0-beta.5
      tslib: 2.4.0
      ws: 8.5.0
    transitivePeerDependencies:
      - bufferutil
      - utf-8-validate
    dev: false

  /funtypes@5.0.3:
    resolution: {integrity: sha512-8BYH+AEBVvYKL6tRDyD9W8MYi8uvaZ9QrqepPP8hu8IfOzsrVyf08MYKWGc2h8fCDrOVqBhoeOykT8xfHSu55Q==}
    dev: false

  /preact@10.8.1:
    resolution: {integrity: sha512-p5CKQ0MCEXTGKGOHiFaNE2V2nDq2hvDHykXvIlz+4lbfJ9umLZr8JS/fa1bXUwRcHXK+Ljk8zqmDhr25n0LtVg==}
    dev: false

  /tslib@2.4.0:
    resolution: {integrity: sha512-d6xOpEDfsi2CZVlPQzGeux8XMwLT9hssAsaPYExaQMuYskwb+x1x7J371tWlbBdWHroy99KnVB6qIkUbs5X3UQ==}
    dev: false

  /typescript@5.0.4:
    resolution: {integrity: sha512-cW9T5W9xY37cc+jfEnaUvX91foxtHkza3Nw3wkoF4sSlKn0MONdkdEndig/qPBWXNkmplh3NzayQzCiHM4/hqw==}
    engines: {node: '>=12.20'}
    hasBin: true
    dev: true

  /webextension-polyfill@0.10.0:
    resolution: {integrity: sha512-c5s35LgVa5tFaHhrZDnr3FpQpjj1BB+RXhLTYUxGqBVN460HkbM8TBtEqdXWbpTKfzwCcjAZVF7zXCYSKtcp9g==}
    dev: false

  /ws@8.5.0:
    resolution: {integrity: sha512-BWX0SWVgLPzYwF8lTzEy1egjhS4S4OEAHfsO8o65WOVsrnSRGaSiUaa9e0ggGlkMTtBlmOpEXiie9RUcBO86qg==}
    engines: {node: '>=10.0.0'}
    peerDependencies:
      bufferutil: ^4.0.1
      utf-8-validate: ^5.0.2
    peerDependenciesMeta:
      bufferutil:
        optional: true
      utf-8-validate:
        optional: true
    dev: false

  github.com/ricmoo/ens-normalize.js/2d040533e57e4f25f9a7cc4715e219658ad454b5:
    resolution: {tarball: https://codeload.github.com/ricmoo/ens-normalize.js/tar.gz/2d040533e57e4f25f9a7cc4715e219658ad454b5}
    name: '@adraffy/ens-normalize'
    version: 1.9.0
    dev: false
