{
	"name": "inpage",
	"lockfileVersion": 3,
	"requires": true,
	"packages": {
		"": {
			"devDependencies": {
				"@types/firefox-webext-browser": "^109.0.0",
				"@types/node": "^18.16.1"
			}
		},
		"node_modules/@types/firefox-webext-browser": {
			"version": "109.0.0",
			"resolved": "https://registry.npmjs.org/@types/firefox-webext-browser/-/firefox-webext-browser-109.0.0.tgz",
			"integrity": "sha512-tkEjBP/zZxaS5bv8MH/0kUs3WeUm8KU3Ew1B9BtQQdq5PwtG23SXvAbjxjMSQpoIzbxyWG4Yu4mi1uB2S8W7ng==",
			"dev": true
		},
		"node_modules/@types/node": {
			"version": "18.16.1",
			"resolved": "https://registry.npmjs.org/@types/node/-/node-18.16.1.tgz",
			"integrity": "sha512-DZxSZWXxFfOlx7k7Rv4LAyiMroaxa3Ly/7OOzZO8cBNho0YzAi4qlbrx8W27JGqG57IgR/6J7r+nOJWw6kcvZA==",
			"dev": true
		}
	}
}
